<?xml version="1.0" encoding="utf-8"?>
<Project ToolsVersion="4.0" xmlns="http://schemas.microsoft.com/developer/msbuild/2003">
  <ItemGroup>
    <Filter Include="リソース ファイル">
      <UniqueIdentifier>{67DA6AB6-F800-4c08-8B7A-83BB121AAD01}</UniqueIdentifier>
      <Extensions>rc;ico;cur;bmp;dlg;rc2;rct;bin;rgs;gif;jpg;jpeg;jpe;resx;tiff;tif;png;wav;mfcribbon-ms</Extensions>
    </Filter>
    <Filter Include="Toyger">
      <UniqueIdentifier>{b73ac9bb-5ad7-43ae-83ab-07f5ed70dd17}</UniqueIdentifier>
    </Filter>
    <Filter Include="Parts">
      <UniqueIdentifier>{e1758e81-b20c-4cd0-9fc3-8ce38abb3c0b}</UniqueIdentifier>
    </Filter>
    <Filter Include="Main">
      <UniqueIdentifier>{93995380-89BD-4b04-88EB-625FBE52EBFB}</UniqueIdentifier>
      <Extensions>h;hh;hpp;hxx;h++;hm;inl;inc;ipp;xsd</Extensions>
    </Filter>
    <Filter Include="Game">
      <UniqueIdentifier>{a24ac9ff-336c-4183-a83c-8deb3db6d7eb}</UniqueIdentifier>
    </Filter>
    <Filter Include="Cmd">
      <UniqueIdentifier>{98fb09a0-4eae-4bfe-aff2-771631c88039}</UniqueIdentifier>
    </Filter>
    <Filter Include="GUI">
      <UniqueIdentifier>{6abd95cf-86a5-43cd-a2b8-1657da885898}</UniqueIdentifier>
    </Filter>
    <Filter Include="GUI\Menu">
      <UniqueIdentifier>{0d6a1e3b-0653-487e-bc55-2599c1f10bc4}</UniqueIdentifier>
    </Filter>
    <Filter Include="Game\Scene">
      <UniqueIdentifier>{b5b45ac0-9b80-41e8-8464-f786fc71b75d}</UniqueIdentifier>
    </Filter>
    <Filter Include="Game\Scene\TownScene">
      <UniqueIdentifier>{89530158-53ee-4ccb-be7f-f7130f6386f9}</UniqueIdentifier>
    </Filter>
    <Filter Include="Game\PlayData">
      <UniqueIdentifier>{21138c75-4639-4383-820c-ce07d419360a}</UniqueIdentifier>
    </Filter>
    <Filter Include="Game\GameContent">
      <UniqueIdentifier>{111a06a7-ed88-43aa-9d2a-53e27322940d}</UniqueIdentifier>
    </Filter>
    <Filter Include="Game\Misc">
      <UniqueIdentifier>{d10a6fc0-5f2a-4941-bf7a-0e892da3c2c3}</UniqueIdentifier>
    </Filter>
    <Filter Include="Game\CampMenu">
      <UniqueIdentifier>{d7d399a5-e331-4e6e-b4ee-83b36de4969c}</UniqueIdentifier>
    </Filter>
    <Filter Include="Game\Common">
      <UniqueIdentifier>{9a4c830d-258a-4ac1-9621-cfc1f5768509}</UniqueIdentifier>
    </Filter>
    <Filter Include="Game\ResManage">
      <UniqueIdentifier>{51f705b0-baaf-4c0c-a96b-c0cf18f2f88f}</UniqueIdentifier>
    </Filter>
    <Filter Include="Game\ActProc">
      <UniqueIdentifier>{4b408cbe-76f7-4460-9acc-fc663475d3c9}</UniqueIdentifier>
    </Filter>
  </ItemGroup>
  <ItemGroup>
    <ClInclude Include="framework.h">
      <Filter>Main</Filter>
    </ClInclude>
    <ClInclude Include="targetver.h">
      <Filter>Main</Filter>
    </ClInclude>
    <ClInclude Include="Resource.h">
      <Filter>Main</Filter>
    </ClInclude>
    <ClInclude Include="X102.h">
      <Filter>Main</Filter>
    </ClInclude>
    <ClInclude Include="Toyger\Toyger_GameWnd.h">
      <Filter>Toyger</Filter>
    </ClInclude>
    <ClInclude Include="Toyger\Toyger_IContentPainter.h">
      <Filter>Toyger</Filter>
    </ClInclude>
    <ClInclude Include="Toyger\Toyger_IInputState.h">
      <Filter>Toyger</Filter>
    </ClInclude>
    <ClInclude Include="Toyger\Toyger_InputImpl.h">
      <Filter>Toyger</Filter>
    </ClInclude>
    <ClInclude Include="Toyger\Toyger_IWnd.h">
      <Filter>Toyger</Filter>
    </ClInclude>
    <ClInclude Include="Toyger\Toyger_IWndInputListener.h">
      <Filter>Toyger</Filter>
    </ClInclude>
    <ClInclude Include="Parts\MCIThread.h">
      <Filter>Parts</Filter>
    </ClInclude>
    <ClInclude Include="Parts\CMonoBMP.h">
      <Filter>Parts</Filter>
    </ClInclude>
    <ClInclude Include="Toyger\Toyger_ScrollBarHandling.h">
      <Filter>Toyger</Filter>
    </ClInclude>
    <ClInclude Include="Game.h">
      <Filter>Game</Filter>
    </ClInclude>
    <ClInclude Include="Parts\Flags.h">
      <Filter>Parts</Filter>
    </ClInclude>
    <ClInclude Include="Cmd\ICmd.h">
      <Filter>Cmd</Filter>
    </ClInclude>
    <ClInclude Include="Cmd\CmdSeq.h">
      <Filter>Cmd</Filter>
    </ClInclude>
    <ClInclude Include="Parts\Vec2D.h">
      <Filter>Parts</Filter>
    </ClInclude>
    <ClInclude Include="Parts\TupleForEach.h">
      <Filter>Parts</Filter>
    </ClInclude>
    <ClInclude Include="Parts\Rect.h">
      <Filter>Parts</Filter>
    </ClInclude>
    <ClInclude Include="GUI\Color.h">
      <Filter>GUI</Filter>
    </ClInclude>
    <ClInclude Include="IController.h">
      <Filter>Game</Filter>
    </ClInclude>
    <ClInclude Include="GlobalConst.h">
      <Filter>Game</Filter>
    </ClInclude>
    <ClInclude Include="ITopLV.h">
      <Filter>Game</Filter>
    </ClInclude>
    <ClInclude Include="ResManage\MonoBmpHolder.h">
      <Filter>Game\ResManage</Filter>
    </ClInclude>
    <ClInclude Include="GUI\Menu.h">
      <Filter>GUI\Menu</Filter>
    </ClInclude>
    <ClInclude Include="GUI\GenericMenuContent.h">
      <Filter>GUI\Menu</Filter>
    </ClInclude>
    <ClInclude Include="GUI\IMenuContent.h">
      <Filter>GUI\Menu</Filter>
    </ClInclude>
    <ClInclude Include="GUI\DrawFuncs.h">
      <Filter>GUI</Filter>
    </ClInclude>
    <ClInclude Include="GUI\IGUI.h">
      <Filter>GUI</Filter>
    </ClInclude>
    <ClInclude Include="GUI\IPainter.h">
      <Filter>GUI</Filter>
    </ClInclude>
    <ClInclude Include="GUI\SimpleSelection.h">
      <Filter>GUI\Menu</Filter>
    </ClInclude>
    <ClInclude Include="GUI\TextLinePainter.h">
      <Filter>GUI</Filter>
    </ClInclude>
    <ClInclude Include="Scene\IScene.h">
      <Filter>Game\Scene</Filter>
    </ClInclude>
    <ClInclude Include="Scene\TownScene\TownScene.h">
      <Filter>Game\Scene\TownScene</Filter>
    </ClInclude>
    <ClInclude Include="Scene\TownScene\TownCenter_UI.h">
      <Filter>Game\Scene\TownScene</Filter>
    </ClInclude>
    <ClInclude Include="DataPath.h">
      <Filter>Game</Filter>
    </ClInclude>
    <ClInclude Include="Parts\CvtUTF.h">
      <Filter>Parts</Filter>
    </ClInclude>
    <ClInclude Include="GUI\ImgPainter.h">
      <Filter>GUI</Filter>
    </ClInclude>
    <ClInclude Include="Scene\TownScene\Inn_UI.h">
      <Filter>Game\Scene\TownScene</Filter>
    </ClInclude>
    <ClInclude Include="PlayData\PlayData.h">
      <Filter>Game\PlayData</Filter>
    </ClInclude>
    <ClInclude Include="GUI\MenuAsGUI.h">
      <Filter>GUI\Menu</Filter>
    </ClInclude>
    <ClInclude Include="Scene\TownScene\Pub_UI.h">
      <Filter>Game\Scene\TownScene</Filter>
    </ClInclude>
    <ClInclude Include="Scene\TownScene\Shop_UI.h">
      <Filter>Game\Scene\TownScene</Filter>
    </ClInclude>
    <ClInclude Include="GameContent\PartyChar.h">
      <Filter>Game\GameContent</Filter>
    </ClInclude>
    <ClInclude Include="GameContent\PartyCharID.h">
      <Filter>Game\GameContent</Filter>
    </ClInclude>
    <ClInclude Include="GameContent\AttackElement.h">
      <Filter>Game\GameContent</Filter>
    </ClInclude>
    <ClInclude Include="GameContent\Spell.h">
      <Filter>Game\GameContent</Filter>
    </ClInclude>
    <ClInclude Include="GameContent\ItemID.h">
      <Filter>Game\GameContent</Filter>
    </ClInclude>
    <ClInclude Include="GUI\IMenuItem.h">
      <Filter>GUI\Menu</Filter>
    </ClInclude>
    <ClInclude Include="ResManage\BmpBank.h">
      <Filter>Game\ResManage</Filter>
    </ClInclude>
    <ClInclude Include="Misc\DataVec.h">
      <Filter>Game\Misc</Filter>
    </ClInclude>
    <ClInclude Include="Parts\StlRnd.h">
      <Filter>Parts</Filter>
    </ClInclude>
    <ClInclude Include="Rnd.h">
      <Filter>Game</Filter>
    </ClInclude>
    <ClInclude Include="CampMenu\CampMenu.h">
      <Filter>Game\CampMenu</Filter>
    </ClInclude>
    <ClInclude Include="GUI\HandleMenuInput.h">
      <Filter>GUI\Menu</Filter>
    </ClInclude>
    <ClInclude Include="Common\CharSelMenuContent.h">
      <Filter>Game\Common</Filter>
    </ClInclude>
    <ClInclude Include="Common\DrawCharPanel.h">
      <Filter>Game\Common</Filter>
    </ClInclude>
    <ClInclude Include="Common\MoneyView.h">
      <Filter>Game\Common</Filter>
    </ClInclude>
    <ClInclude Include="CampMenu\TopLVMenu.h">
      <Filter>Game\CampMenu</Filter>
    </ClInclude>
    <ClInclude Include="Common\CharDrawColor.h">
      <Filter>Game\Common</Filter>
    </ClInclude>
    <ClInclude Include="CampMenu\StatusPage.h">
      <Filter>Game\CampMenu</Filter>
    </ClInclude>
    <ClInclude Include="CampMenu\ItemPage.h">
      <Filter>Game\CampMenu</Filter>
    </ClInclude>
    <ClInclude Include="CampMenu\MagicPage.h">
      <Filter>Game\CampMenu</Filter>
    </ClInclude>
    <ClInclude Include="Common\MagicSelUI.h">
      <Filter>Game\Common</Filter>
    </ClInclude>
    <ClInclude Include="CampMenu\IPage.h">
      <Filter>Game\CampMenu</Filter>
    </ClInclude>
    <ClInclude Include="ActProc\ActResult.h">
      <Filter>Game\ActProc</Filter>
    </ClInclude>
    <ClInclude Include="ActProc\ActEfficacy.h">
      <Filter>Game\ActProc</Filter>
    </ClInclude>
    <ClInclude Include="ActProc\TgtRange.h">
      <Filter>Game\ActProc</Filter>
    </ClInclude>
    <ClInclude Include="GameContent\Magic.h">
      <Filter>Game\GameContent</Filter>
    </ClInclude>
    <ClInclude Include="ActProc\CharSpecifier.h">
      <Filter>Game\ActProc</Filter>
    </ClInclude>
    <ClInclude Include="Common\TgtSelection.h">
      <Filter>Game\Common</Filter>
    </ClInclude>
    <ClInclude Include="GameContent\RawAmountCalcFuncs.h">
      <Filter>Game\GameContent</Filter>
    </ClInclude>
    <ClInclude Include="GameContent\ICharacter.h">
      <Filter>Game\GameContent</Filter>
    </ClInclude>
    <ClInclude Include="ActProc\EfficacySource.h">
      <Filter>Game\ActProc</Filter>
    </ClInclude>
    <ClInclude Include="ActProc\ActContext.h">
      <Filter>Game\ActProc</Filter>
    </ClInclude>
    <ClInclude Include="ActProc\ActEfficacyImpl.h">
      <Filter>Game\ActProc</Filter>
    </ClInclude>
  </ItemGroup>
  <ItemGroup>
    <ClCompile Include="Toyger\Toyger_GameWnd.cpp">
      <Filter>Toyger</Filter>
    </ClCompile>
    <ClCompile Include="Parts\MCIThread.cpp">
      <Filter>Parts</Filter>
    </ClCompile>
    <ClCompile Include="Toyger\Toyger_IBMGPlayer.h">
      <Filter>Toyger</Filter>
    </ClCompile>
    <ClCompile Include="X102.cpp">
      <Filter>Main</Filter>
    </ClCompile>
    <ClCompile Include="Toyger\Toyger_ScrollBarHandling.cpp">
      <Filter>Toyger</Filter>
    </ClCompile>
    <ClCompile Include="Game.cpp">
      <Filter>Game</Filter>
    </ClCompile>
    <ClCompile Include="ResManage\MonoBmpHolder.cpp">
      <Filter>Game\ResManage</Filter>
    </ClCompile>
    <ClCompile Include="GUI\Menu.cpp">
      <Filter>GUI\Menu</Filter>
    </ClCompile>
    <ClCompile Include="GUI\GenericMenuContent.cpp">
      <Filter>GUI\Menu</Filter>
    </ClCompile>
    <ClCompile Include="GUI\DrawFuncs.cpp">
      <Filter>GUI</Filter>
    </ClCompile>
    <ClCompile Include="GUI\SimpleSelection.cpp">
      <Filter>GUI\Menu</Filter>
    </ClCompile>
    <ClCompile Include="GUI\TextLinePainter.cpp">
      <Filter>GUI</Filter>
    </ClCompile>
    <ClCompile Include="Scene\TownScene\TownScene.cpp">
      <Filter>Game\Scene\TownScene</Filter>
    </ClCompile>
    <ClCompile Include="Scene\TownScene\TownCenter_UI.cpp">
      <Filter>Game\Scene\TownScene</Filter>
    </ClCompile>
    <ClCompile Include="DataPath.cpp">
      <Filter>Game</Filter>
    </ClCompile>
    <ClCompile Include="GUI\ImgPainter.cpp">
      <Filter>GUI</Filter>
    </ClCompile>
    <ClCompile Include="Scene\TownScene\Inn_UI.cpp">
      <Filter>Game\Scene\TownScene</Filter>
    </ClCompile>
    <ClCompile Include="PlayData\PlayData.cpp">
      <Filter>Game\PlayData</Filter>
    </ClCompile>
    <ClCompile Include="PlayData\PlayData_SaveLoad.cpp">
      <Filter>Game\PlayData</Filter>
    </ClCompile>
    <ClCompile Include="Scene\TownScene\Pub_UI.cpp">
      <Filter>Game\Scene\TownScene</Filter>
    </ClCompile>
    <ClCompile Include="Scene\TownScene\Shop_UI.cpp">
      <Filter>Game\Scene\TownScene</Filter>
    </ClCompile>
    <ClCompile Include="GameContent\PartyChar.cpp">
      <Filter>Game\GameContent</Filter>
    </ClCompile>
    <ClCompile Include="ResManage\BmpBank.cpp">
      <Filter>Game\ResManage</Filter>
    </ClCompile>
    <ClCompile Include="CampMenu\CampMenu.cpp">
      <Filter>Game\CampMenu</Filter>
    </ClCompile>
    <ClCompile Include="GUI\HandleMenuInput.cpp">
      <Filter>GUI\Menu</Filter>
    </ClCompile>
    <ClCompile Include="Common\CharSelMenuContent.cpp">
      <Filter>Game\Common</Filter>
    </ClCompile>
    <ClCompile Include="Common\DrawCharPanel.cpp">
      <Filter>Game\Common</Filter>
    </ClCompile>
    <ClCompile Include="Common\MoneyView.cpp">
      <Filter>Game\Common</Filter>
    </ClCompile>
    <ClCompile Include="CampMenu\TopLVMenu.cpp">
      <Filter>Game\CampMenu</Filter>
    </ClCompile>
    <ClCompile Include="CampMenu\StatusPage.cpp">
      <Filter>Game\CampMenu</Filter>
    </ClCompile>
    <ClCompile Include="CampMenu\ItemPage.cpp">
      <Filter>Game\CampMenu</Filter>
    </ClCompile>
    <ClCompile Include="CampMenu\MagicPage.cpp">
      <Filter>Game\CampMenu</Filter>
    </ClCompile>
    <ClCompile Include="Common\MagicSelUI.cpp">
      <Filter>Game\Common</Filter>
    </ClCompile>
    <ClCompile Include="Common\TgtSelection.cpp">
      <Filter>Game\Common</Filter>
    </ClCompile>
    <ClCompile Include="GameContent\Magic.cpp">
      <Filter>Game\GameContent</Filter>
    </ClCompile>
    <ClCompile Include="CampMenu\CampMenu_ItemMagicProc.cpp">
      <Filter>Game\CampMenu</Filter>
    </ClCompile>
    <ClCompile Include="ActProc\ActEfficacyImpl.cpp">
      <Filter>Game\ActProc</Filter>
    </ClCompile>
  </ItemGroup>
  <ItemGroup>
    <ResourceCompile Include="X102.rc">
      <Filter>リソース ファイル</Filter>
    </ResourceCompile>
  </ItemGroup>
  <ItemGroup>
    <Image Include="small.ico">
      <Filter>リソース ファイル</Filter>
    </Image>
    <Image Include="X102.ico">
      <Filter>リソース ファイル</Filter>
    </Image>
  </ItemGroup>
</Project>